
Microsoft Visual Studio Solution File, Format Version 12.00
# Visual Studio Version 16
VisualStudioVersion = 16.0.29613.14
MinimumVisualStudioVersion = 10.0.40219.1
Project("{9A19103F-16F7-4668-BE54-9A1E7A4F7556}") = "G151210078", "G151210078.csproj", "{13F9794F-0A86-4FC6-AA1A-C608242F0EF9}"
EndProject
Global
	GlobalSection(SolutionConfigurationPlatforms) = preSolution
		Debug|Any CPU = Debug|Any CPU
		Release|Any CPU = Release|Any CPU
	EndGlobalSection
	GlobalSection(ProjectConfigurationPlatforms) = postSolution
		{13F9794F-0A86-4FC6-AA1A-C608242F0EF9}.Debug|Any CPU.ActiveCfg = Debug|Any CPU
		{13F9794F-0A86-4FC6-AA1A-C608242F0EF9}.Debug|Any CPU.Build.0 = Debug|Any CPU
		{13F9794F-0A86-4FC6-AA1A-C608242F0EF9}.Release|Any CPU.ActiveCfg = Release|Any CPU
		{13F9794F-0A86-4FC6-AA1A-C608242F0EF9}.Release|Any CPU.Build.0 = Release|Any CPU
	EndGlobalSection
	GlobalSection(SolutionProperties) = preSolution
		HideSolutionNode = FALSE
	EndGlobalSection
	GlobalSection(ExtensibilityGlobals) = postSolution
		SolutionGuid = {C83BB8BD-B396-46A2-ADF8-B2A39C9CEF10}
	EndGlobalSection
EndGlobal
